// !$*UTF8*$!
{
	archiveVersion = 1;
	classes = {
	};
	objectVersion = 56;
	objects = {

/* Begin PBXBuildFile section */
		7616170A2A6FE1D4004E2B8E /* Preview Assets.xcassets in Resources */ = {isa = PBXBuildFile; fileRef = 761617092A6FE1D4004E2B8E /* Preview Assets.xcassets */; };
		761617362A6FEB05004E2B8E /* Assets.xcassets in Resources */ = {isa = PBXBuildFile; fileRef = 7616172B2A6FEB05004E2B8E /* Assets.xcassets */; };
		761617382A6FEB05004E2B8E /* MainViewController.swift in Sources */ = {isa = PBXBuildFile; fileRef = 7616172E2A6FEB05004E2B8E /* MainViewController.swift */; };
		761617392A6FEB05004E2B8E /* AppDelegate.swift in Sources */ = {isa = PBXBuildFile; fileRef = 761617302A6FEB05004E2B8E /* AppDelegate.swift */; };
		7616173A2A6FEB05004E2B8E /* LaunchScreen.storyboard in Resources */ = {isa = PBXBuildFile; fileRef = 761617312A6FEB05004E2B8E /* LaunchScreen.storyboard */; };
		7616173B2A6FEB05004E2B8E /* Info.plist in Resources */ = {isa = PBXBuildFile; fileRef = 761617332A6FEB05004E2B8E /* Info.plist */; };
		7616173C2A6FEB05004E2B8E /* SecurityManager.swift in Sources */ = {isa = PBXBuildFile; fileRef = 761617342A6FEB05004E2B8E /* SecurityManager.swift */; };
		7616173D2A6FEB05004E2B8E /* StartViewController.swift in Sources */ = {isa = PBXBuildFile; fileRef = 761617352A6FEB05004E2B8E /* StartViewController.swift */; };
		761617432A6FEBE3004E2B8E /* Main.storyboard in Resources */ = {isa = PBXBuildFile; fileRef = 761617412A6FEBE3004E2B8E /* Main.storyboard */; };
		7616174B2A6FECF7004E2B8E /* traccar-manager-ios in Resources */ = {isa = PBXBuildFile; fileRef = 7616174A2A6FECF7004E2B8E /* traccar-manager-ios */; };
/* End PBXBuildFile section */

/* Begin PBXFileReference section */
		761616FF2A6FE1D2004E2B8E /* FLEET.app */ = {isa = PBXFileReference; explicitFileType = wrapper.application; includeInIndex = 0; path = FLEET.app; sourceTree = BUILT_PRODUCTS_DIR; };
		761617092A6FE1D4004E2B8E /* Preview Assets.xcassets */ = {isa = PBXFileReference; lastKnownFileType = folder.assetcatalog; path = "Preview Assets.xcassets"; sourceTree = "<group>"; };
		7616172A2A6FEB05004E2B8E /* FLEET-Bridging-Header.h */ = {isa = PBXFileReference; lastKnownFileType = sourcecode.c.h; path = "FLEET-Bridging-Header.h"; sourceTree = "<group>"; };
		7616172B2A6FEB05004E2B8E /* Assets.xcassets */ = {isa = PBXFileReference; lastKnownFileType = folder.assetcatalog; name = Assets.xcassets; path = "../../xcode_projects/traccar-manager-ios/TraccarManager/Assets.xcassets"; sourceTree = "<group>"; };
		7616172E2A6FEB05004E2B8E /* MainViewController.swift */ = {isa = PBXFileReference; fileEncoding = 4; lastKnownFileType = sourcecode.swift; name = MainViewController.swift; path = "../../xcode_projects/traccar-manager-ios/TraccarManager/MainViewController.swift"; sourceTree = "<group>"; };
		7616172F2A6FEB05004E2B8E /* TraccarManager.entitlements */ = {isa = PBXFileReference; fileEncoding = 4; lastKnownFileType = text.plist.entitlements; name = TraccarManager.entitlements; path = "../../xcode_projects/traccar-manager-ios/TraccarManager/TraccarManager.entitlements"; sourceTree = "<group>"; };
		761617302A6FEB05004E2B8E /* AppDelegate.swift */ = {isa = PBXFileReference; fileEncoding = 4; lastKnownFileType = sourcecode.swift; name = AppDelegate.swift; path = "../../xcode_projects/traccar-manager-ios/TraccarManager/AppDelegate.swift"; sourceTree = "<group>"; };
		761617322A6FEB05004E2B8E /* Base */ = {isa = PBXFileReference; lastKnownFileType = file.storyboard; name = Base; path = "../../xcode_projects/traccar-manager-ios/TraccarManager/Base.lproj/LaunchScreen.storyboard"; sourceTree = "<group>"; };
		761617332A6FEB05004E2B8E /* Info.plist */ = {isa = PBXFileReference; fileEncoding = 4; lastKnownFileType = text.plist.xml; name = Info.plist; path = "../../xcode_projects/traccar-manager-ios/TraccarManager/Info.plist"; sourceTree = "<group>"; };
		761617342A6FEB05004E2B8E /* SecurityManager.swift */ = {isa = PBXFileReference; fileEncoding = 4; lastKnownFileType = sourcecode.swift; name = SecurityManager.swift; path = "../../xcode_projects/traccar-manager-ios/TraccarManager/SecurityManager.swift"; sourceTree = "<group>"; };
		761617352A6FEB05004E2B8E /* StartViewController.swift */ = {isa = PBXFileReference; fileEncoding = 4; lastKnownFileType = sourcecode.swift; name = StartViewController.swift; path = "../../xcode_projects/traccar-manager-ios/TraccarManager/StartViewController.swift"; sourceTree = "<group>"; };
		761617422A6FEBE3004E2B8E /* Base */ = {isa = PBXFileReference; lastKnownFileType = file.storyboard; name = Base; path = "../../traccar-manager-ios/TraccarManager/Base.lproj/Main.storyboard"; sourceTree = "<group>"; };
		7616174A2A6FECF7004E2B8E /* traccar-manager-ios */ = {isa = PBXFileReference; lastKnownFileType = folder; name = "traccar-manager-ios"; path = "../../../../.Trash/traccar-manager-ios"; sourceTree = "<group>"; };
/* End PBXFileReference section */

/* Begin PBXFrameworksBuildPhase section */
		761616FC2A6FE1D2004E2B8E /* Frameworks */ = {
			isa = PBXFrameworksBuildPhase;
			buildActionMask = 2147483647;
			files = (
			);
			runOnlyForDeploymentPostprocessing = 0;
		};
/* End PBXFrameworksBuildPhase section */

/* Begin PBXGroup section */
		761616F62A6FE1D2004E2B8E = {
			isa = PBXGroup;
			children = (
				761617012A6FE1D2004E2B8E /* FLEET */,
				761617002A6FE1D2004E2B8E /* Products */,
			);
			sourceTree = "<group>";
		};
		761617002A6FE1D2004E2B8E /* Products */ = {
			isa = PBXGroup;
			children = (
				761616FF2A6FE1D2004E2B8E /* FLEET.app */,
			);
			name = Products;
			sourceTree = "<group>";
		};
		761617012A6FE1D2004E2B8E /* FLEET */ = {
			isa = PBXGroup;
			children = (
				761617302A6FEB05004E2B8E /* AppDelegate.swift */,
				7616172B2A6FEB05004E2B8E /* Assets.xcassets */,
				761617332A6FEB05004E2B8E /* Info.plist */,
				761617312A6FEB05004E2B8E /* LaunchScreen.storyboard */,
				761617412A6FEBE3004E2B8E /* Main.storyboard */,
				7616172E2A6FEB05004E2B8E /* MainViewController.swift */,
				761617342A6FEB05004E2B8E /* SecurityManager.swift */,
				761617352A6FEB05004E2B8E /* StartViewController.swift */,
				7616172F2A6FEB05004E2B8E /* TraccarManager.entitlements */,
				761617082A6FE1D4004E2B8E /* Preview Content */,
				7616172A2A6FEB05004E2B8E /* FLEET-Bridging-Header.h */,
				7616174A2A6FECF7004E2B8E /* traccar-manager-ios */,
			);
			path = FLEET;
			sourceTree = "<group>";
		};
		761617082A6FE1D4004E2B8E /* Preview Content */ = {
			isa = PBXGroup;
			children = (
				761617092A6FE1D4004E2B8E /* Preview Assets.xcassets */,
			);
			path = "Preview Content";
			sourceTree = "<group>";
		};
/* End PBXGroup section */

/* Begin PBXNativeTarget section */
		761616FE2A6FE1D2004E2B8E /* FLEET */ = {
			isa = PBXNativeTarget;
			buildConfigurationList = 7616170D2A6FE1D4004E2B8E /* Build configuration list for PBXNativeTarget "FLEET" */;
			buildPhases = (
				761616FB2A6FE1D2004E2B8E /* Sources */,
				761616FC2A6FE1D2004E2B8E /* Frameworks */,
				761616FD2A6FE1D2004E2B8E /* Resources */,
			);
			buildRules = (
			);
			dependencies = (
			);
			name = FLEET;
			packageProductDependencies = (
			);
			productName = FLEET;
			productReference = 761616FF2A6FE1D2004E2B8E /* FLEET.app */;
			productType = "com.apple.product-type.application";
		};
/* End PBXNativeTarget section */

/* Begin PBXProject section */
		761616F72A6FE1D2004E2B8E /* Project object */ = {
			isa = PBXProject;
			attributes = {
				BuildIndependentTargetsInParallel = 1;
				LastSwiftUpdateCheck = 1430;
				LastUpgradeCheck = 1430;
				TargetAttributes = {
					761616FE2A6FE1D2004E2B8E = {
						CreatedOnToolsVersion = 14.3.1;
						LastSwiftMigration = 1430;
					};
				};
			};
			buildConfigurationList = 761616FA2A6FE1D2004E2B8E /* Build configuration list for PBXProject "FLEET" */;
			compatibilityVersion = "Xcode 14.0";
			developmentRegion = en;
			hasScannedForEncodings = 0;
			knownRegions = (
				en,
				Base,
			);
			mainGroup = 761616F62A6FE1D2004E2B8E;
			packageReferences = (
				7616171E2A6FE76C004E2B8E /* XCRemoteSwiftPackageReference "firebase-ios-sdk" */,
			);
			productRefGroup = 761617002A6FE1D2004E2B8E /* Products */;
			projectDirPath = "";
			projectRoot = "";
			targets = (
				761616FE2A6FE1D2004E2B8E /* FLEET */,
			);
		};
/* End PBXProject section */

/* Begin PBXResourcesBuildPhase section */
		761616FD2A6FE1D2004E2B8E /* Resources */ = {
			isa = PBXResourcesBuildPhase;
			buildActionMask = 2147483647;
			files = (
				7616173A2A6FEB05004E2B8E /* LaunchScreen.storyboard in Resources */,
				761617432A6FEBE3004E2B8E /* Main.storyboard in Resources */,
				761617362A6FEB05004E2B8E /* Assets.xcassets in Resources */,
				7616173B2A6FEB05004E2B8E /* Info.plist in Resources */,
				7616170A2A6FE1D4004E2B8E /* Preview Assets.xcassets in Resources */,
				7616174B2A6FECF7004E2B8E /* traccar-manager-ios in Resources */,
			);
			runOnlyForDeploymentPostprocessing = 0;
		};
/* End PBXResourcesBuildPhase section */

/* Begin PBXSourcesBuildPhase section */
		761616FB2A6FE1D2004E2B8E /* Sources */ = {
			isa = PBXSourcesBuildPhase;
			buildActionMask = 2147483647;
			files = (
				761617392A6FEB05004E2B8E /* AppDelegate.swift in Sources */,
				7616173D2A6FEB05004E2B8E /* StartViewController.swift in Sources */,
				761617382A6FEB05004E2B8E /* MainViewController.swift in Sources */,
				7616173C2A6FEB05004E2B8E /* SecurityManager.swift in Sources */,
			);
			runOnlyForDeploymentPostprocessing = 0;
		};
/* End PBXSourcesBuildPhase section */

/* Begin PBXVariantGroup section */
		761617312A6FEB05004E2B8E /* LaunchScreen.storyboard */ = {
			isa = PBXVariantGroup;
			children = (
				761617322A6FEB05004E2B8E /* Base */,
			);
			name = LaunchScreen.storyboard;
			sourceTree = "<group>";
		};
		761617412A6FEBE3004E2B8E /* Main.storyboard */ = {
			isa = PBXVariantGroup;
			children = (
				761617422A6FEBE3004E2B8E /* Base */,
			);
			name = Main.storyboard;
			sourceTree = "<group>";
		};
/* End PBXVariantGroup section */

/* Begin XCBuildConfiguration section */
		7616170B2A6FE1D4004E2B8E /* Debug */ = {
			isa = XCBuildConfiguration;
			buildSettings = {
				ALWAYS_SEARCH_USER_PATHS = NO;
				CLANG_ANALYZER_NONNULL = YES;
				CLANG_ANALYZER_NUMBER_OBJECT_CONVERSION = YES_AGGRESSIVE;
				CLANG_CXX_LANGUAGE_STANDARD = "gnu++20";
				CLANG_ENABLE_MODULES = YES;
				CLANG_ENABLE_OBJC_ARC = YES;
				CLANG_ENABLE_OBJC_WEAK = YES;
				CLANG_WARN_BLOCK_CAPTURE_AUTORELEASING = YES;
				CLANG_WARN_BOOL_CONVERSION = YES;
				CLANG_WARN_COMMA = YES;
				CLANG_WARN_CONSTANT_CONVERSION = YES;
				CLANG_WARN_DEPRECATED_OBJC_IMPLEMENTATIONS = YES;
				CLANG_WARN_DIRECT_OBJC_ISA_USAGE = YES_ERROR;
				CLANG_WARN_DOCUMENTATION_COMMENTS = YES;
				CLANG_WARN_EMPTY_BODY = YES;
				CLANG_WARN_ENUM_CONVERSION = YES;
				CLANG_WARN_INFINITE_RECURSION = YES;
				CLANG_WARN_INT_CONVERSION = YES;
				CLANG_WARN_NON_LITERAL_NULL_CONVERSION = YES;
				CLANG_WARN_OBJC_IMPLICIT_RETAIN_SELF = YES;
				CLANG_WARN_OBJC_LITERAL_CONVERSION = YES;
				CLANG_WARN_OBJC_ROOT_CLASS = YES_ERROR;
				CLANG_WARN_QUOTED_INCLUDE_IN_FRAMEWORK_HEADER = YES;
				CLANG_WARN_RANGE_LOOP_ANALYSIS = YES;
				CLANG_WARN_STRICT_PROTOTYPES = YES;
				CLANG_WARN_SUSPICIOUS_MOVE = YES;
				CLANG_WARN_UNGUARDED_AVAILABILITY = YES_AGGRESSIVE;
				CLANG_WARN_UNREACHABLE_CODE = YES;
				CLANG_WARN__DUPLICATE_METHOD_MATCH = YES;
				COPY_PHASE_STRIP = NO;
				DEBUG_INFORMATION_FORMAT = dwarf;
				ENABLE_STRICT_OBJC_MSGSEND = YES;
				ENABLE_TESTABILITY = YES;
				GCC_C_LANGUAGE_STANDARD = gnu11;
				GCC_DYNAMIC_NO_PIC = NO;
				GCC_NO_COMMON_BLOCKS = YES;
				GCC_OPTIMIZATION_LEVEL = 0;
				GCC_PREPROCESSOR_DEFINITIONS = (
					"DEBUG=1",
					"$(inherited)",
				);
				GCC_WARN_64_TO_32_BIT_CONVERSION = YES;
				GCC_WARN_ABOUT_RETURN_TYPE = YES_ERROR;
				GCC_WARN_UNDECLARED_SELECTOR = YES;
				GCC_WARN_UNINITIALIZED_AUTOS = YES_AGGRESSIVE;
				GCC_WARN_UNUSED_FUNCTION = YES;
				GCC_WARN_UNUSED_VARIABLE = YES;
				IPHONEOS_DEPLOYMENT_TARGET = 16.4;
				MTL_ENABLE_DEBUG_INFO = INCLUDE_SOURCE;
				MTL_FAST_MATH = YES;
				ONLY_ACTIVE_ARCH = YES;
				SDKROOT = iphoneos;
				SWIFT_ACTIVE_COMPILATION_CONDITIONS = DEBUG;
				SWIFT_OPTIMIZATION_LEVEL = "-Onone";
			};
			name = Debug;
		};
		7616170C2A6FE1D4004E2B8E /* Release */ = {
			isa = XCBuildConfiguration;
			buildSettings = {
				ALWAYS_SEARCH_USER_PATHS = NO;
				CLANG_ANALYZER_NONNULL = YES;
				CLANG_ANALYZER_NUMBER_OBJECT_CONVERSION = YES_AGGRESSIVE;
				CLANG_CXX_LANGUAGE_STANDARD = "gnu++20";
				CLANG_ENABLE_MODULES = YES;
				CLANG_ENABLE_OBJC_ARC = YES;
				CLANG_ENABLE_OBJC_WEAK = YES;
				CLANG_WARN_BLOCK_CAPTURE_AUTORELEASING = YES;
				CLANG_WARN_BOOL_CONVERSION = YES;
				CLANG_WARN_COMMA = YES;
				CLANG_WARN_CONSTANT_CONVERSION = YES;
				CLANG_WARN_DEPRECATED_OBJC_IMPLEMENTATIONS = YES;
				CLANG_WARN_DIRECT_OBJC_ISA_USAGE = YES_ERROR;
				CLANG_WARN_DOCUMENTATION_COMMENTS = YES;
				CLANG_WARN_EMPTY_BODY = YES;
				CLANG_WARN_ENUM_CONVERSION = YES;
				CLANG_WARN_INFINITE_RECURSION = YES;
				CLANG_WARN_INT_CONVERSION = YES;
				CLANG_WARN_NON_LITERAL_NULL_CONVERSION = YES;
				CLANG_WARN_OBJC_IMPLICIT_RETAIN_SELF = YES;
				CLANG_WARN_OBJC_LITERAL_CONVERSION = YES;
				CLANG_WARN_OBJC_ROOT_CLASS = YES_ERROR;
				CLANG_WARN_QUOTED_INCLUDE_IN_FRAMEWORK_HEADER = YES;
				CLANG_WARN_RANGE_LOOP_ANALYSIS = YES;
				CLANG_WARN_STRICT_PROTOTYPES = YES;
				CLANG_WARN_SUSPICIOUS_MOVE = YES;
				CLANG_WARN_UNGUARDED_AVAILABILITY = YES_AGGRESSIVE;
				CLANG_WARN_UNREACHABLE_CODE = YES;
				CLANG_WARN__DUPLICATE_METHOD_MATCH = YES;
				COPY_PHASE_STRIP = NO;
				DEBUG_INFORMATION_FORMAT = "dwarf-with-dsym";
				ENABLE_NS_ASSERTIONS = NO;
				ENABLE_STRICT_OBJC_MSGSEND = YES;
				GCC_C_LANGUAGE_STANDARD = gnu11;
				GCC_NO_COMMON_BLOCKS = YES;
				GCC_WARN_64_TO_32_BIT_CONVERSION = YES;
				GCC_WARN_ABOUT_RETURN_TYPE = YES_ERROR;
				GCC_WARN_UNDECLARED_SELECTOR = YES;
				GCC_WARN_UNINITIALIZED_AUTOS = YES_AGGRESSIVE;
				GCC_WARN_UNUSED_FUNCTION = YES;
				GCC_WARN_UNUSED_VARIABLE = YES;
				IPHONEOS_DEPLOYMENT_TARGET = 16.4;
				MTL_ENABLE_DEBUG_INFO = NO;
				MTL_FAST_MATH = YES;
				SDKROOT = iphoneos;
				SWIFT_COMPILATION_MODE = wholemodule;
				SWIFT_OPTIMIZATION_LEVEL = "-O";
				VALIDATE_PRODUCT = YES;
			};
			name = Release;
		};
		7616170E2A6FE1D4004E2B8E /* Debug */ = {
			isa = XCBuildConfiguration;
			buildSettings = {
				ASSETCATALOG_COMPILER_APPICON_NAME = AppIcon;
				ASSETCATALOG_COMPILER_GLOBAL_ACCENT_COLOR_NAME = AccentColor;
				CLANG_ENABLE_MODULES = YES;
				CODE_SIGN_STYLE = Automatic;
				CURRENT_PROJECT_VERSION = 1;
				DEVELOPMENT_ASSET_PATHS = "\"FLEET/Preview Content\"";
				ENABLE_PREVIEWS = YES;
				GENERATE_INFOPLIST_FILE = YES;
				INFOPLIST_KEY_UIApplicationSceneManifest_Generation = YES;
				INFOPLIST_KEY_UIApplicationSupportsIndirectInputEvents = YES;
				INFOPLIST_KEY_UILaunchScreen_Generation = YES;
				INFOPLIST_KEY_UISupportedInterfaceOrientations_iPad = "UIInterfaceOrientationPortrait UIInterfaceOrientationPortraitUpsideDown UIInterfaceOrientationLandscapeLeft UIInterfaceOrientationLandscapeRight";
				INFOPLIST_KEY_UISupportedInterfaceOrientations_iPhone = "UIInterfaceOrientationPortrait UIInterfaceOrientationLandscapeLeft UIInterfaceOrientationLandscapeRight";
				LD_RUNPATH_SEARCH_PATHS = (
					"$(inherited)",
					"@executable_path/Frameworks",
				);
				MARKETING_VERSION = 1.0;
				PRODUCT_BUNDLE_IDENTIFIER = JABGroup.FLEET;
				PRODUCT_NAME = "$(TARGET_NAME)";
				SWIFT_EMIT_LOC_STRINGS = YES;
				SWIFT_OBJC_BRIDGING_HEADER = "FLEET/FLEET-Bridging-Header.h";
				SWIFT_OPTIMIZATION_LEVEL = "-Onone";
				SWIFT_VERSION = 5.0;
				TARGETED_DEVICE_FAMILY = "1,2";
			};
			name = Debug;
		};
		7616170F2A6FE1D4004E2B8E /* Release */ = {
			isa = XCBuildConfiguration;
			buildSettings = {
				ASSETCATALOG_COMPILER_APPICON_NAME = AppIcon;
				ASSETCATALOG_COMPILER_GLOBAL_ACCENT_COLOR_NAME = AccentColor;
				CLANG_ENABLE_MODULES = YES;
				CODE_SIGN_STYLE = Automatic;
				CURRENT_PROJECT_VERSION = 1;
				DEVELOPMENT_ASSET_PATHS = "\"FLEET/Preview Content\"";
				ENABLE_PREVIEWS = YES;
				GENERATE_INFOPLIST_FILE = YES;
				INFOPLIST_KEY_UIApplicationSceneManifest_Generation = YES;
				INFOPLIST_KEY_UIApplicationSupportsIndirectInputEvents = YES;
				INFOPLIST_KEY_UILaunchScreen_Generation = YES;
				INFOPLIST_KEY_UISupportedInterfaceOrientations_iPad = "UIInterfaceOrientationPortrait UIInterfaceOrientationPortraitUpsideDown UIInterfaceOrientationLandscapeLeft UIInterfaceOrientationLandscapeRight";
				INFOPLIST_KEY_UISupportedInterfaceOrientations_iPhone = "UIInterfaceOrientationPortrait UIInterfaceOrientationLandscapeLeft UIInterfaceOrientationLandscapeRight";
				LD_RUNPATH_SEARCH_PATHS = (
					"$(inherited)",
					"@executable_path/Frameworks",
				);
				MARKETING_VERSION = 1.0;
				PRODUCT_BUNDLE_IDENTIFIER = JABGroup.FLEET;
				PRODUCT_NAME = "$(TARGET_NAME)";
				SWIFT_EMIT_LOC_STRINGS = YES;
				SWIFT_OBJC_BRIDGING_HEADER = "FLEET/FLEET-Bridging-Header.h";
				SWIFT_VERSION = 5.0;
				TARGETED_DEVICE_FAMILY = "1,2";
			};
			name = Release;
		};
/* End XCBuildConfiguration section */

/* Begin XCConfigurationList section */
		761616FA2A6FE1D2004E2B8E /* Build configuration list for PBXProject "FLEET" */ = {
			isa = XCConfigurationList;
			buildConfigurations = (
				7616170B2A6FE1D4004E2B8E /* Debug */,
				7616170C2A6FE1D4004E2B8E /* Release */,
			);
			defaultConfigurationIsVisible = 0;
			defaultConfigurationName = Release;
		};
		7616170D2A6FE1D4004E2B8E /* Build configuration list for PBXNativeTarget "FLEET" */ = {
			isa = XCConfigurationList;
			buildConfigurations = (
				7616170E2A6FE1D4004E2B8E /* Debug */,
				7616170F2A6FE1D4004E2B8E /* Release */,
			);
			defaultConfigurationIsVisible = 0;
			defaultConfigurationName = Release;
		};
/* End XCConfigurationList section */

/* Begin XCRemoteSwiftPackageReference section */
		7616171E2A6FE76C004E2B8E /* XCRemoteSwiftPackageReference "firebase-ios-sdk" */ = {
			isa = XCRemoteSwiftPackageReference;
			repositoryURL = "https://github.com/firebase/firebase-ios-sdk";
			requirement = {
				kind = exactVersion;
				version = 9.6.0;
			};
		};
/* End XCRemoteSwiftPackageReference section */
	};
	rootObject = 761616F72A6FE1D2004E2B8E /* Project object */;
}
